// !$*UTF8*$!
{
	archiveVersion = 1;
	classes = {
	};
	objectVersion = 50;
	objects = {

/* Begin PBXBuildFile section */
		D43EF439230DF27600DA27E2 /* AppDelegate.swift in Sources */ = {isa = PBXBuildFile; fileRef = D43EF438230DF27600DA27E2 /* AppDelegate.swift */; };
		D43EF43B230DF27600DA27E2 /* ViewController.swift in Sources */ = {isa = PBXBuildFile; fileRef = D43EF43A230DF27600DA27E2 /* ViewController.swift */; };
		D43EF43E230DF27600DA27E2 /* Main.storyboard in Resources */ = {isa = PBXBuildFile; fileRef = D43EF43C230DF27600DA27E2 /* Main.storyboard */; };
		D43EF440230DF27900DA27E2 /* Assets.xcassets in Resources */ = {isa = PBXBuildFile; fileRef = D43EF43F230DF27900DA27E2 /* Assets.xcassets */; };
		D43EF443230DF27900DA27E2 /* LaunchScreen.storyboard in Resources */ = {isa = PBXBuildFile; fileRef = D43EF441230DF27900DA27E2 /* LaunchScreen.storyboard */; };
		D43EF44B230DF2D800DA27E2 /* InventoryManager.swift in Sources */ = {isa = PBXBuildFile; fileRef = D43EF44A230DF2D800DA27E2 /* InventoryManager.swift */; };
		D43EF44E230DF2F800DA27E2 /* Product.swift in Sources */ = {isa = PBXBuildFile; fileRef = D43EF44D230DF2F800DA27E2 /* Product.swift */; };
		D43EF450230DF56E00DA27E2 /* OrderRequest.swift in Sources */ = {isa = PBXBuildFile; fileRef = D43EF44F230DF56E00DA27E2 /* OrderRequest.swift */; };
		D43EF452230DF58800DA27E2 /* Order.swift in Sources */ = {isa = PBXBuildFile; fileRef = D43EF451230DF58800DA27E2 /* Order.swift */; };
		D43EF454230DF5A100DA27E2 /* Restock.swift in Sources */ = {isa = PBXBuildFile; fileRef = D43EF453230DF5A100DA27E2 /* Restock.swift */; };
		D43EF456230DF5D100DA27E2 /* Shipment.swift in Sources */ = {isa = PBXBuildFile; fileRef = D43EF455230DF5D100DA27E2 /* Shipment.swift */; };
		D43EF458230DF5ED00DA27E2 /* Catalog.swift in Sources */ = {isa = PBXBuildFile; fileRef = D43EF457230DF5ED00DA27E2 /* Catalog.swift */; };
		D43EF45A230DFAED00DA27E2 /* Mothership.swift in Sources */ = {isa = PBXBuildFile; fileRef = D43EF459230DFAED00DA27E2 /* Mothership.swift */; };
		D43EF45C230E08FD00DA27E2 /* MarvinTheDepressedPackagingRobot.swift in Sources */ = {isa = PBXBuildFile; fileRef = D43EF45B230E08FD00DA27E2 /* MarvinTheDepressedPackagingRobot.swift */; };
		D43EF45E230E120300DA27E2 /* ZipConstants.swift in Sources */ = {isa = PBXBuildFile; fileRef = D43EF45D230E120300DA27E2 /* ZipConstants.swift */; };
		D43EF460230E16FC00DA27E2 /* UnfulfilledOrder.swift in Sources */ = {isa = PBXBuildFile; fileRef = D43EF45F230E16FC00DA27E2 /* UnfulfilledOrder.swift */; };
/* End PBXBuildFile section */

/* Begin PBXFileReference section */
		D43EF435230DF27600DA27E2 /* Zipline Inventory.app */ = {isa = PBXFileReference; explicitFileType = wrapper.application; includeInIndex = 0; path = "Zipline Inventory.app"; sourceTree = BUILT_PRODUCTS_DIR; };
		D43EF438230DF27600DA27E2 /* AppDelegate.swift */ = {isa = PBXFileReference; lastKnownFileType = sourcecode.swift; path = AppDelegate.swift; sourceTree = "<group>"; };
		D43EF43A230DF27600DA27E2 /* ViewController.swift */ = {isa = PBXFileReference; lastKnownFileType = sourcecode.swift; path = ViewController.swift; sourceTree = "<group>"; };
		D43EF43D230DF27600DA27E2 /* Base */ = {isa = PBXFileReference; lastKnownFileType = file.storyboard; name = Base; path = Base.lproj/Main.storyboard; sourceTree = "<group>"; };
		D43EF43F230DF27900DA27E2 /* Assets.xcassets */ = {isa = PBXFileReference; lastKnownFileType = folder.assetcatalog; path = Assets.xcassets; sourceTree = "<group>"; };
		D43EF442230DF27900DA27E2 /* Base */ = {isa = PBXFileReference; lastKnownFileType = file.storyboard; name = Base; path = Base.lproj/LaunchScreen.storyboard; sourceTree = "<group>"; };
		D43EF444230DF27900DA27E2 /* Info.plist */ = {isa = PBXFileReference; lastKnownFileType = text.plist.xml; path = Info.plist; sourceTree = "<group>"; };
		D43EF44A230DF2D800DA27E2 /* InventoryManager.swift */ = {isa = PBXFileReference; lastKnownFileType = sourcecode.swift; path = InventoryManager.swift; sourceTree = "<group>"; };
		D43EF44D230DF2F800DA27E2 /* Product.swift */ = {isa = PBXFileReference; lastKnownFileType = sourcecode.swift; path = Product.swift; sourceTree = "<group>"; };
		D43EF44F230DF56E00DA27E2 /* OrderRequest.swift */ = {isa = PBXFileReference; lastKnownFileType = sourcecode.swift; path = OrderRequest.swift; sourceTree = "<group>"; };
		D43EF451230DF58800DA27E2 /* Order.swift */ = {isa = PBXFileReference; lastKnownFileType = sourcecode.swift; path = Order.swift; sourceTree = "<group>"; };
		D43EF453230DF5A100DA27E2 /* Restock.swift */ = {isa = PBXFileReference; lastKnownFileType = sourcecode.swift; path = Restock.swift; sourceTree = "<group>"; };
		D43EF455230DF5D100DA27E2 /* Shipment.swift */ = {isa = PBXFileReference; lastKnownFileType = sourcecode.swift; path = Shipment.swift; sourceTree = "<group>"; };
		D43EF457230DF5ED00DA27E2 /* Catalog.swift */ = {isa = PBXFileReference; lastKnownFileType = sourcecode.swift; path = Catalog.swift; sourceTree = "<group>"; };
		D43EF459230DFAED00DA27E2 /* Mothership.swift */ = {isa = PBXFileReference; lastKnownFileType = sourcecode.swift; path = Mothership.swift; sourceTree = "<group>"; };
		D43EF45B230E08FD00DA27E2 /* MarvinTheDepressedPackagingRobot.swift */ = {isa = PBXFileReference; lastKnownFileType = sourcecode.swift; path = MarvinTheDepressedPackagingRobot.swift; sourceTree = "<group>"; };
		D43EF45D230E120300DA27E2 /* ZipConstants.swift */ = {isa = PBXFileReference; lastKnownFileType = sourcecode.swift; path = ZipConstants.swift; sourceTree = "<group>"; };
		D43EF45F230E16FC00DA27E2 /* UnfulfilledOrder.swift */ = {isa = PBXFileReference; lastKnownFileType = sourcecode.swift; path = UnfulfilledOrder.swift; sourceTree = "<group>"; };
/* End PBXFileReference section */

/* Begin PBXFrameworksBuildPhase section */
		D43EF432230DF27600DA27E2 /* Frameworks */ = {
			isa = PBXFrameworksBuildPhase;
			buildActionMask = 2147483647;
			files = (
			);
			runOnlyForDeploymentPostprocessing = 0;
		};
/* End PBXFrameworksBuildPhase section */

/* Begin PBXGroup section */
		D43EF42C230DF27600DA27E2 = {
			isa = PBXGroup;
			children = (
				D43EF437230DF27600DA27E2 /* Zipline Inventory */,
				D43EF436230DF27600DA27E2 /* Products */,
			);
			sourceTree = "<group>";
		};
		D43EF436230DF27600DA27E2 /* Products */ = {
			isa = PBXGroup;
			children = (
				D43EF435230DF27600DA27E2 /* Zipline Inventory.app */,
			);
			name = Products;
			sourceTree = "<group>";
		};
		D43EF437230DF27600DA27E2 /* Zipline Inventory */ = {
			isa = PBXGroup;
			children = (
				D43EF44C230DF2E600DA27E2 /* Models */,
				D43EF438230DF27600DA27E2 /* AppDelegate.swift */,
				D43EF43A230DF27600DA27E2 /* ViewController.swift */,
				D43EF43C230DF27600DA27E2 /* Main.storyboard */,
				D43EF43F230DF27900DA27E2 /* Assets.xcassets */,
				D43EF441230DF27900DA27E2 /* LaunchScreen.storyboard */,
				D43EF444230DF27900DA27E2 /* Info.plist */,
				D43EF44A230DF2D800DA27E2 /* InventoryManager.swift */,
				D43EF459230DFAED00DA27E2 /* Mothership.swift */,
				D43EF45B230E08FD00DA27E2 /* MarvinTheDepressedPackagingRobot.swift */,
				D43EF45D230E120300DA27E2 /* ZipConstants.swift */,
			);
			path = "Zipline Inventory";
			sourceTree = "<group>";
		};
		D43EF44C230DF2E600DA27E2 /* Models */ = {
			isa = PBXGroup;
			children = (
				D43EF44D230DF2F800DA27E2 /* Product.swift */,
				D43EF44F230DF56E00DA27E2 /* OrderRequest.swift */,
				D43EF451230DF58800DA27E2 /* Order.swift */,
				D43EF453230DF5A100DA27E2 /* Restock.swift */,
				D43EF455230DF5D100DA27E2 /* Shipment.swift */,
				D43EF457230DF5ED00DA27E2 /* Catalog.swift */,
				D43EF45F230E16FC00DA27E2 /* UnfulfilledOrder.swift */,
			);
			path = Models;
			sourceTree = "<group>";
		};
/* End PBXGroup section */

/* Begin PBXNativeTarget section */
		D43EF434230DF27600DA27E2 /* Zipline Inventory */ = {
			isa = PBXNativeTarget;
			buildConfigurationList = D43EF447230DF27900DA27E2 /* Build configuration list for PBXNativeTarget "Zipline Inventory" */;
			buildPhases = (
				D43EF431230DF27600DA27E2 /* Sources */,
				D43EF432230DF27600DA27E2 /* Frameworks */,
				D43EF433230DF27600DA27E2 /* Resources */,
			);
			buildRules = (
			);
			dependencies = (
			);
			name = "Zipline Inventory";
			productName = "Zipline Inventory";
			productReference = D43EF435230DF27600DA27E2 /* Zipline Inventory.app */;
			productType = "com.apple.product-type.application";
		};
/* End PBXNativeTarget section */

/* Begin PBXProject section */
		D43EF42D230DF27600DA27E2 /* Project object */ = {
			isa = PBXProject;
			attributes = {
				LastSwiftUpdateCheck = 1030;
				LastUpgradeCheck = 1030;
				ORGANIZATIONNAME = "Filipe Romancini";
				TargetAttributes = {
					D43EF434230DF27600DA27E2 = {
						CreatedOnToolsVersion = 10.3;
					};
				};
			};
			buildConfigurationList = D43EF430230DF27600DA27E2 /* Build configuration list for PBXProject "Zipline Inventory" */;
			compatibilityVersion = "Xcode 9.3";
			developmentRegion = en;
			hasScannedForEncodings = 0;
			knownRegions = (
				en,
				Base,
			);
			mainGroup = D43EF42C230DF27600DA27E2;
			productRefGroup = D43EF436230DF27600DA27E2 /* Products */;
			projectDirPath = "";
			projectRoot = "";
			targets = (
				D43EF434230DF27600DA27E2 /* Zipline Inventory */,
			);
		};
/* End PBXProject section */

/* Begin PBXResourcesBuildPhase section */
		D43EF433230DF27600DA27E2 /* Resources */ = {
			isa = PBXResourcesBuildPhase;
			buildActionMask = 2147483647;
			files = (
				D43EF443230DF27900DA27E2 /* LaunchScreen.storyboard in Resources */,
				D43EF440230DF27900DA27E2 /* Assets.xcassets in Resources */,
				D43EF43E230DF27600DA27E2 /* Main.storyboard in Resources */,
			);
			runOnlyForDeploymentPostprocessing = 0;
		};
/* End PBXResourcesBuildPhase section */

/* Begin PBXSourcesBuildPhase section */
		D43EF431230DF27600DA27E2 /* Sources */ = {
			isa = PBXSourcesBuildPhase;
			buildActionMask = 2147483647;
			files = (
				D43EF458230DF5ED00DA27E2 /* Catalog.swift in Sources */,
				D43EF452230DF58800DA27E2 /* Order.swift in Sources */,
				D43EF45C230E08FD00DA27E2 /* MarvinTheDepressedPackagingRobot.swift in Sources */,
				D43EF456230DF5D100DA27E2 /* Shipment.swift in Sources */,
				D43EF43B230DF27600DA27E2 /* ViewController.swift in Sources */,
				D43EF45E230E120300DA27E2 /* ZipConstants.swift in Sources */,
				D43EF45A230DFAED00DA27E2 /* Mothership.swift in Sources */,
				D43EF460230E16FC00DA27E2 /* UnfulfilledOrder.swift in Sources */,
				D43EF44E230DF2F800DA27E2 /* Product.swift in Sources */,
				D43EF454230DF5A100DA27E2 /* Restock.swift in Sources */,
				D43EF450230DF56E00DA27E2 /* OrderRequest.swift in Sources */,
				D43EF44B230DF2D800DA27E2 /* InventoryManager.swift in Sources */,
				D43EF439230DF27600DA27E2 /* AppDelegate.swift in Sources */,
			);
			runOnlyForDeploymentPostprocessing = 0;
		};
/* End PBXSourcesBuildPhase section */

/* Begin PBXVariantGroup section */
		D43EF43C230DF27600DA27E2 /* Main.storyboard */ = {
			isa = PBXVariantGroup;
			children = (
				D43EF43D230DF27600DA27E2 /* Base */,
			);
			name = Main.storyboard;
			sourceTree = "<group>";
		};
		D43EF441230DF27900DA27E2 /* LaunchScreen.storyboard */ = {
			isa = PBXVariantGroup;
			children = (
				D43EF442230DF27900DA27E2 /* Base */,
			);
			name = LaunchScreen.storyboard;
			sourceTree = "<group>";
		};
/* End PBXVariantGroup section */

/* Begin XCBuildConfiguration section */
		D43EF445230DF27900DA27E2 /* Debug */ = {
			isa = XCBuildConfiguration;
			buildSettings = {
				ALWAYS_SEARCH_USER_PATHS = NO;
				CLANG_ANALYZER_NONNULL = YES;
				CLANG_ANALYZER_NUMBER_OBJECT_CONVERSION = YES_AGGRESSIVE;
				CLANG_CXX_LANGUAGE_STANDARD = "gnu++14";
				CLANG_CXX_LIBRARY = "libc++";
				CLANG_ENABLE_MODULES = YES;
				CLANG_ENABLE_OBJC_ARC = YES;
				CLANG_ENABLE_OBJC_WEAK = YES;
				CLANG_WARN_BLOCK_CAPTURE_AUTORELEASING = YES;
				CLANG_WARN_BOOL_CONVERSION = YES;
				CLANG_WARN_COMMA = YES;
				CLANG_WARN_CONSTANT_CONVERSION = YES;
				CLANG_WARN_DEPRECATED_OBJC_IMPLEMENTATIONS = YES;
				CLANG_WARN_DIRECT_OBJC_ISA_USAGE = YES_ERROR;
				CLANG_WARN_DOCUMENTATION_COMMENTS = YES;
				CLANG_WARN_EMPTY_BODY = YES;
				CLANG_WARN_ENUM_CONVERSION = YES;
				CLANG_WARN_INFINITE_RECURSION = YES;
				CLANG_WARN_INT_CONVERSION = YES;
				CLANG_WARN_NON_LITERAL_NULL_CONVERSION = YES;
				CLANG_WARN_OBJC_IMPLICIT_RETAIN_SELF = YES;
				CLANG_WARN_OBJC_LITERAL_CONVERSION = YES;
				CLANG_WARN_OBJC_ROOT_CLASS = YES_ERROR;
				CLANG_WARN_RANGE_LOOP_ANALYSIS = YES;
				CLANG_WARN_STRICT_PROTOTYPES = YES;
				CLANG_WARN_SUSPICIOUS_MOVE = YES;
				CLANG_WARN_UNGUARDED_AVAILABILITY = YES_AGGRESSIVE;
				CLANG_WARN_UNREACHABLE_CODE = YES;
				CLANG_WARN__DUPLICATE_METHOD_MATCH = YES;
				CODE_SIGN_IDENTITY = "iPhone Developer";
				COPY_PHASE_STRIP = NO;
				DEBUG_INFORMATION_FORMAT = dwarf;
				ENABLE_STRICT_OBJC_MSGSEND = YES;
				ENABLE_TESTABILITY = YES;
				GCC_C_LANGUAGE_STANDARD = gnu11;
				GCC_DYNAMIC_NO_PIC = NO;
				GCC_NO_COMMON_BLOCKS = YES;
				GCC_OPTIMIZATION_LEVEL = 0;
				GCC_PREPROCESSOR_DEFINITIONS = (
					"DEBUG=1",
					"$(inherited)",
				);
				GCC_WARN_64_TO_32_BIT_CONVERSION = YES;
				GCC_WARN_ABOUT_RETURN_TYPE = YES_ERROR;
				GCC_WARN_UNDECLARED_SELECTOR = YES;
				GCC_WARN_UNINITIALIZED_AUTOS = YES_AGGRESSIVE;
				GCC_WARN_UNUSED_FUNCTION = YES;
				GCC_WARN_UNUSED_VARIABLE = YES;
				IPHONEOS_DEPLOYMENT_TARGET = 12.4;
				MTL_ENABLE_DEBUG_INFO = INCLUDE_SOURCE;
				MTL_FAST_MATH = YES;
				ONLY_ACTIVE_ARCH = YES;
				SDKROOT = iphoneos;
				SWIFT_ACTIVE_COMPILATION_CONDITIONS = DEBUG;
				SWIFT_OPTIMIZATION_LEVEL = "-Onone";
			};
			name = Debug;
		};
		D43EF446230DF27900DA27E2 /* Release */ = {
			isa = XCBuildConfiguration;
			buildSettings = {
				ALWAYS_SEARCH_USER_PATHS = NO;
				CLANG_ANALYZER_NONNULL = YES;
				CLANG_ANALYZER_NUMBER_OBJECT_CONVERSION = YES_AGGRESSIVE;
				CLANG_CXX_LANGUAGE_STANDARD = "gnu++14";
				CLANG_CXX_LIBRARY = "libc++";
				CLANG_ENABLE_MODULES = YES;
				CLANG_ENABLE_OBJC_ARC = YES;
				CLANG_ENABLE_OBJC_WEAK = YES;
				CLANG_WARN_BLOCK_CAPTURE_AUTORELEASING = YES;
				CLANG_WARN_BOOL_CONVERSION = YES;
				CLANG_WARN_COMMA = YES;
				CLANG_WARN_CONSTANT_CONVERSION = YES;
				CLANG_WARN_DEPRECATED_OBJC_IMPLEMENTATIONS = YES;
				CLANG_WARN_DIRECT_OBJC_ISA_USAGE = YES_ERROR;
				CLANG_WARN_DOCUMENTATION_COMMENTS = YES;
				CLANG_WARN_EMPTY_BODY = YES;
				CLANG_WARN_ENUM_CONVERSION = YES;
				CLANG_WARN_INFINITE_RECURSION = YES;
				CLANG_WARN_INT_CONVERSION = YES;
				CLANG_WARN_NON_LITERAL_NULL_CONVERSION = YES;
				CLANG_WARN_OBJC_IMPLICIT_RETAIN_SELF = YES;
				CLANG_WARN_OBJC_LITERAL_CONVERSION = YES;
				CLANG_WARN_OBJC_ROOT_CLASS = YES_ERROR;
				CLANG_WARN_RANGE_LOOP_ANALYSIS = YES;
				CLANG_WARN_STRICT_PROTOTYPES = YES;
				CLANG_WARN_SUSPICIOUS_MOVE = YES;
				CLANG_WARN_UNGUARDED_AVAILABILITY = YES_AGGRESSIVE;
				CLANG_WARN_UNREACHABLE_CODE = YES;
				CLANG_WARN__DUPLICATE_METHOD_MATCH = YES;
				CODE_SIGN_IDENTITY = "iPhone Developer";
				COPY_PHASE_STRIP = NO;
				DEBUG_INFORMATION_FORMAT = "dwarf-with-dsym";
				ENABLE_NS_ASSERTIONS = NO;
				ENABLE_STRICT_OBJC_MSGSEND = YES;
				GCC_C_LANGUAGE_STANDARD = gnu11;
				GCC_NO_COMMON_BLOCKS = YES;
				GCC_WARN_64_TO_32_BIT_CONVERSION = YES;
				GCC_WARN_ABOUT_RETURN_TYPE = YES_ERROR;
				GCC_WARN_UNDECLARED_SELECTOR = YES;
				GCC_WARN_UNINITIALIZED_AUTOS = YES_AGGRESSIVE;
				GCC_WARN_UNUSED_FUNCTION = YES;
				GCC_WARN_UNUSED_VARIABLE = YES;
				IPHONEOS_DEPLOYMENT_TARGET = 12.4;
				MTL_ENABLE_DEBUG_INFO = NO;
				MTL_FAST_MATH = YES;
				SDKROOT = iphoneos;
				SWIFT_COMPILATION_MODE = wholemodule;
				SWIFT_OPTIMIZATION_LEVEL = "-O";
				VALIDATE_PRODUCT = YES;
			};
			name = Release;
		};
		D43EF448230DF27900DA27E2 /* Debug */ = {
			isa = XCBuildConfiguration;
			buildSettings = {
				ASSETCATALOG_COMPILER_APPICON_NAME = AppIcon;
				CODE_SIGN_STYLE = Automatic;
				DEVELOPMENT_TEAM = R4W82844N5;
				INFOPLIST_FILE = "Zipline Inventory/Info.plist";
				LD_RUNPATH_SEARCH_PATHS = (
					"$(inherited)",
					"@executable_path/Frameworks",
				);
				PRODUCT_BUNDLE_IDENTIFIER = "farapps.Zipline-Inventory";
				PRODUCT_NAME = "$(TARGET_NAME)";
				SWIFT_VERSION = 5.0;
				TARGETED_DEVICE_FAMILY = "1,2";
			};
			name = Debug;
		};
		D43EF449230DF27900DA27E2 /* Release */ = {
			isa = XCBuildConfiguration;
			buildSettings = {
				ASSETCATALOG_COMPILER_APPICON_NAME = AppIcon;
				CODE_SIGN_STYLE = Automatic;
				DEVELOPMENT_TEAM = R4W82844N5;
				INFOPLIST_FILE = "Zipline Inventory/Info.plist";
				LD_RUNPATH_SEARCH_PATHS = (
					"$(inherited)",
					"@executable_path/Frameworks",
				);
				PRODUCT_BUNDLE_IDENTIFIER = "farapps.Zipline-Inventory";
				PRODUCT_NAME = "$(TARGET_NAME)";
				SWIFT_VERSION = 5.0;
				TARGETED_DEVICE_FAMILY = "1,2";
			};
			name = Release;
		};
/* End XCBuildConfiguration section */

/* Begin XCConfigurationList section */
		D43EF430230DF27600DA27E2 /* Build configuration list for PBXProject "Zipline Inventory" */ = {
			isa = XCConfigurationList;
			buildConfigurations = (
				D43EF445230DF27900DA27E2 /* Debug */,
				D43EF446230DF27900DA27E2 /* Release */,
			);
			defaultConfigurationIsVisible = 0;
			defaultConfigurationName = Release;
		};
		D43EF447230DF27900DA27E2 /* Build configuration list for PBXNativeTarget "Zipline Inventory" */ = {
			isa = XCConfigurationList;
			buildConfigurations = (
				D43EF448230DF27900DA27E2 /* Debug */,
				D43EF449230DF27900DA27E2 /* Release */,
			);
			defaultConfigurationIsVisible = 0;
			defaultConfigurationName = Release;
		};
/* End XCConfigurationList section */
	};
	rootObject = D43EF42D230DF27600DA27E2 /* Project object */;
}
